
Microsoft Visual Studio Solution File, Format Version 12.00
# Visual Studio 15
VisualStudioVersion = 15.0.28307.1321
MinimumVisualStudioVersion = 10.0.40219.1
Project("{FAE04EC0-301F-11D3-BF4B-00C04F79EFBC}") = "BuyPro", "BuyPro\BuyPro.csproj", "{EAF45EC8-D29E-4724-8799-5112E50984B7}"
EndProject
Global
	GlobalSection(SolutionConfigurationPlatforms) = preSolution
		Debug|Any CPU = Debug|Any CPU
		Release|Any CPU = Release|Any CPU
	EndGlobalSection
	GlobalSection(ProjectConfigurationPlatforms) = postSolution
		{EAF45EC8-D29E-4724-8799-5112E50984B7}.Debug|Any CPU.ActiveCfg = Debug|Any CPU
		{EAF45EC8-D29E-4724-8799-5112E50984B7}.Debug|Any CPU.Build.0 = Debug|Any CPU
		{EAF45EC8-D29E-4724-8799-5112E50984B7}.Release|Any CPU.ActiveCfg = Release|Any CPU
		{EAF45EC8-D29E-4724-8799-5112E50984B7}.Release|Any CPU.Build.0 = Release|Any CPU
	EndGlobalSection
	GlobalSection(SolutionProperties) = preSolution
		HideSolutionNode = FALSE
	EndGlobalSection
	GlobalSection(ExtensibilityGlobals) = postSolution
		SolutionGuid = {CE5BB8FC-9E83-434D-BD52-9A342CDF7EAC}
	EndGlobalSection
EndGlobal
